
Microsoft Visual Studio Solution File, Format Version 12.00
# Visual Studio Version 17
VisualStudioVersion = 17.14.36025.13
MinimumVisualStudioVersion = 10.0.40219.1
Project("{FAE04EC0-301F-11D3-BF4B-00C04F79EFBC}") = "pro_se491", "pro_se491\pro_se491.csproj", "{C0E1DECA-B2A7-4827-A23A-0568AE561148}"
EndProject
Global
	GlobalSection(SolutionConfigurationPlatforms) = preSolution
		Debug|Any CPU = Debug|Any CPU
		Release|Any CPU = Release|Any CPU
	EndGlobalSection
	GlobalSection(ProjectConfigurationPlatforms) = postSolution
		{C0E1DECA-B2A7-4827-A23A-0568AE561148}.Debug|Any CPU.ActiveCfg = Debug|Any CPU
		{C0E1DECA-B2A7-4827-A23A-0568AE561148}.Debug|Any CPU.Build.0 = Debug|Any CPU
		{C0E1DECA-B2A7-4827-A23A-0568AE561148}.Release|Any CPU.ActiveCfg = Release|Any CPU
		{C0E1DECA-B2A7-4827-A23A-0568AE561148}.Release|Any CPU.Build.0 = Release|Any CPU
	EndGlobalSection
	GlobalSection(SolutionProperties) = preSolution
		HideSolutionNode = FALSE
	EndGlobalSection
	GlobalSection(ExtensibilityGlobals) = postSolution
		SolutionGuid = {DA5AC0B5-0BE6-4AE7-9A90-53AD522D1758}
	EndGlobalSection
EndGlobal
